
Microsoft Visual Studio Solution File, Format Version 12.00
# Visual Studio Version 17
VisualStudioVersion = 17.11.35219.272
MinimumVisualStudioVersion = 10.0.40219.1
Project("{FAE04EC0-301F-11D3-BF4B-00C04F79EFBC}") = "GitPractice", "GitPractice.csproj", "{D478F4D2-F2E7-4C61-9C31-EC50115A57DC}"
EndProject
Global
	GlobalSection(SolutionConfigurationPlatforms) = preSolution
		Debug|Any CPU = Debug|Any CPU
		Release|Any CPU = Release|Any CPU
	EndGlobalSection
	GlobalSection(ProjectConfigurationPlatforms) = postSolution
		{D478F4D2-F2E7-4C61-9C31-EC50115A57DC}.Debug|Any CPU.ActiveCfg = Debug|Any CPU
		{D478F4D2-F2E7-4C61-9C31-EC50115A57DC}.Debug|Any CPU.Build.0 = Debug|Any CPU
		{D478F4D2-F2E7-4C61-9C31-EC50115A57DC}.Release|Any CPU.ActiveCfg = Release|Any CPU
		{D478F4D2-F2E7-4C61-9C31-EC50115A57DC}.Release|Any CPU.Build.0 = Release|Any CPU
	EndGlobalSection
	GlobalSection(SolutionProperties) = preSolution
		HideSolutionNode = FALSE
	EndGlobalSection
	GlobalSection(ExtensibilityGlobals) = postSolution
		SolutionGuid = {48466947-FCFC-44DC-85AF-3D99E08DC629}
	EndGlobalSection
EndGlobal
